// !$*UTF8*$!
{
	archiveVersion = 1;
	classes = {
	};
	objectVersion = 46;
	objects = {

/* Begin PBXBuildFile section */
		B28249BE1D60100900A410D5 /* AppDelegate.swift in Sources */ = {isa = PBXBuildFile; fileRef = B28249BD1D60100900A410D5 /* AppDelegate.swift */; };
		B28249C01D60100900A410D5 /* ViewController.swift in Sources */ = {isa = PBXBuildFile; fileRef = B28249BF1D60100900A410D5 /* ViewController.swift */; };
		B28249C31D60100900A410D5 /* Main.storyboard in Resources */ = {isa = PBXBuildFile; fileRef = B28249C11D60100900A410D5 /* Main.storyboard */; };
		B28249C51D60100900A410D5 /* Assets.xcassets in Resources */ = {isa = PBXBuildFile; fileRef = B28249C41D60100900A410D5 /* Assets.xcassets */; };
		B28249C81D60100900A410D5 /* LaunchScreen.storyboard in Resources */ = {isa = PBXBuildFile; fileRef = B28249C61D60100900A410D5 /* LaunchScreen.storyboard */; };
		B28249D01D60104100A410D5 /* zing-mp3.jpg in Resources */ = {isa = PBXBuildFile; fileRef = B28249CF1D60104100A410D5 /* zing-mp3.jpg */; };
/* End PBXBuildFile section */

/* Begin PBXFileReference section */
		B28249BA1D60100900A410D5 /* ZingMp3animate.app */ = {isa = PBXFileReference; explicitFileType = wrapper.application; includeInIndex = 0; path = ZingMp3animate.app; sourceTree = BUILT_PRODUCTS_DIR; };
		B28249BD1D60100900A410D5 /* AppDelegate.swift */ = {isa = PBXFileReference; lastKnownFileType = sourcecode.swift; path = AppDelegate.swift; sourceTree = "<group>"; };
		B28249BF1D60100900A410D5 /* ViewController.swift */ = {isa = PBXFileReference; lastKnownFileType = sourcecode.swift; path = ViewController.swift; sourceTree = "<group>"; };
		B28249C21D60100900A410D5 /* Base */ = {isa = PBXFileReference; lastKnownFileType = file.storyboard; name = Base; path = Base.lproj/Main.storyboard; sourceTree = "<group>"; };
		B28249C41D60100900A410D5 /* Assets.xcassets */ = {isa = PBXFileReference; lastKnownFileType = folder.assetcatalog; path = Assets.xcassets; sourceTree = "<group>"; };
		B28249C71D60100900A410D5 /* Base */ = {isa = PBXFileReference; lastKnownFileType = file.storyboard; name = Base; path = Base.lproj/LaunchScreen.storyboard; sourceTree = "<group>"; };
		B28249C91D60100900A410D5 /* Info.plist */ = {isa = PBXFileReference; lastKnownFileType = text.plist.xml; path = Info.plist; sourceTree = "<group>"; };
		B28249CF1D60104100A410D5 /* zing-mp3.jpg */ = {isa = PBXFileReference; lastKnownFileType = image.jpeg; name = "zing-mp3.jpg"; path = "../../../../Downloads/zing-mp3.jpg"; sourceTree = "<group>"; };
/* End PBXFileReference section */

/* Begin PBXFrameworksBuildPhase section */
		B28249B71D60100800A410D5 /* Frameworks */ = {
			isa = PBXFrameworksBuildPhase;
			buildActionMask = 2147483647;
			files = (
			);
			runOnlyForDeploymentPostprocessing = 0;
		};
/* End PBXFrameworksBuildPhase section */

/* Begin PBXGroup section */
		B28249B11D60100800A410D5 = {
			isa = PBXGroup;
			children = (
				B28249BC1D60100900A410D5 /* ZingMp3animate */,
				B28249BB1D60100900A410D5 /* Products */,
			);
			sourceTree = "<group>";
		};
		B28249BB1D60100900A410D5 /* Products */ = {
			isa = PBXGroup;
			children = (
				B28249BA1D60100900A410D5 /* ZingMp3animate.app */,
			);
			name = Products;
			sourceTree = "<group>";
		};
		B28249BC1D60100900A410D5 /* ZingMp3animate */ = {
			isa = PBXGroup;
			children = (
				B28249CF1D60104100A410D5 /* zing-mp3.jpg */,
				B28249BD1D60100900A410D5 /* AppDelegate.swift */,
				B28249BF1D60100900A410D5 /* ViewController.swift */,
				B28249C11D60100900A410D5 /* Main.storyboard */,
				B28249C41D60100900A410D5 /* Assets.xcassets */,
				B28249C61D60100900A410D5 /* LaunchScreen.storyboard */,
				B28249C91D60100900A410D5 /* Info.plist */,
			);
			path = ZingMp3animate;
			sourceTree = "<group>";
		};
/* End PBXGroup section */

/* Begin PBXNativeTarget section */
		B28249B91D60100800A410D5 /* ZingMp3animate */ = {
			isa = PBXNativeTarget;
			buildConfigurationList = B28249CC1D60100900A410D5 /* Build configuration list for PBXNativeTarget "ZingMp3animate" */;
			buildPhases = (
				B28249B61D60100800A410D5 /* Sources */,
				B28249B71D60100800A410D5 /* Frameworks */,
				B28249B81D60100800A410D5 /* Resources */,
			);
			buildRules = (
			);
			dependencies = (
			);
			name = ZingMp3animate;
			productName = ZingMp3animate;
			productReference = B28249BA1D60100900A410D5 /* ZingMp3animate.app */;
			productType = "com.apple.product-type.application";
		};
/* End PBXNativeTarget section */

/* Begin PBXProject section */
		B28249B21D60100800A410D5 /* Project object */ = {
			isa = PBXProject;
			attributes = {
				LastSwiftUpdateCheck = 0730;
				LastUpgradeCheck = 0730;
				ORGANIZATIONNAME = "do duy hung";
				TargetAttributes = {
					B28249B91D60100800A410D5 = {
						CreatedOnToolsVersion = 7.3.1;
					};
				};
			};
			buildConfigurationList = B28249B51D60100800A410D5 /* Build configuration list for PBXProject "ZingMp3animate" */;
			compatibilityVersion = "Xcode 3.2";
			developmentRegion = English;
			hasScannedForEncodings = 0;
			knownRegions = (
				en,
				Base,
			);
			mainGroup = B28249B11D60100800A410D5;
			productRefGroup = B28249BB1D60100900A410D5 /* Products */;
			projectDirPath = "";
			projectRoot = "";
			targets = (
				B28249B91D60100800A410D5 /* ZingMp3animate */,
			);
		};
/* End PBXProject section */

/* Begin PBXResourcesBuildPhase section */
		B28249B81D60100800A410D5 /* Resources */ = {
			isa = PBXResourcesBuildPhase;
			buildActionMask = 2147483647;
			files = (
				B28249D01D60104100A410D5 /* zing-mp3.jpg in Resources */,
				B28249C81D60100900A410D5 /* LaunchScreen.storyboard in Resources */,
				B28249C51D60100900A410D5 /* Assets.xcassets in Resources */,
				B28249C31D60100900A410D5 /* Main.storyboard in Resources */,
			);
			runOnlyForDeploymentPostprocessing = 0;
		};
/* End PBXResourcesBuildPhase section */

/* Begin PBXSourcesBuildPhase section */
		B28249B61D60100800A410D5 /* Sources */ = {
			isa = PBXSourcesBuildPhase;
			buildActionMask = 2147483647;
			files = (
				B28249C01D60100900A410D5 /* ViewController.swift in Sources */,
				B28249BE1D60100900A410D5 /* AppDelegate.swift in Sources */,
			);
			runOnlyForDeploymentPostprocessing = 0;
		};
/* End PBXSourcesBuildPhase section */

/* Begin PBXVariantGroup section */
		B28249C11D60100900A410D5 /* Main.storyboard */ = {
			isa = PBXVariantGroup;
			children = (
				B28249C21D60100900A410D5 /* Base */,
			);
			name = Main.storyboard;
			sourceTree = "<group>";
		};
		B28249C61D60100900A410D5 /* LaunchScreen.storyboard */ = {
			isa = PBXVariantGroup;
			children = (
				B28249C71D60100900A410D5 /* Base */,
			);
			name = LaunchScreen.storyboard;
			sourceTree = "<group>";
		};
/* End PBXVariantGroup section */

/* Begin XCBuildConfiguration section */
		B28249CA1D60100900A410D5 /* Debug */ = {
			isa = XCBuildConfiguration;
			buildSettings = {
				ALWAYS_SEARCH_USER_PATHS = NO;
				CLANG_ANALYZER_NONNULL = YES;
				CLANG_CXX_LANGUAGE_STANDARD = "gnu++0x";
				CLANG_CXX_LIBRARY = "libc++";
				CLANG_ENABLE_MODULES = YES;
				CLANG_ENABLE_OBJC_ARC = YES;
				CLANG_WARN_BOOL_CONVERSION = YES;
				CLANG_WARN_CONSTANT_CONVERSION = YES;
				CLANG_WARN_DIRECT_OBJC_ISA_USAGE = YES_ERROR;
				CLANG_WARN_EMPTY_BODY = YES;
				CLANG_WARN_ENUM_CONVERSION = YES;
				CLANG_WARN_INT_CONVERSION = YES;
				CLANG_WARN_OBJC_ROOT_CLASS = YES_ERROR;
				CLANG_WARN_UNREACHABLE_CODE = YES;
				CLANG_WARN__DUPLICATE_METHOD_MATCH = YES;
				"CODE_SIGN_IDENTITY[sdk=iphoneos*]" = "iPhone Developer";
				COPY_PHASE_STRIP = NO;
				DEBUG_INFORMATION_FORMAT = dwarf;
				ENABLE_STRICT_OBJC_MSGSEND = YES;
				ENABLE_TESTABILITY = YES;
				GCC_C_LANGUAGE_STANDARD = gnu99;
				GCC_DYNAMIC_NO_PIC = NO;
				GCC_NO_COMMON_BLOCKS = YES;
				GCC_OPTIMIZATION_LEVEL = 0;
				GCC_PREPROCESSOR_DEFINITIONS = (
					"DEBUG=1",
					"$(inherited)",
				);
				GCC_WARN_64_TO_32_BIT_CONVERSION = YES;
				GCC_WARN_ABOUT_RETURN_TYPE = YES_ERROR;
				GCC_WARN_UNDECLARED_SELECTOR = YES;
				GCC_WARN_UNINITIALIZED_AUTOS = YES_AGGRESSIVE;
				GCC_WARN_UNUSED_FUNCTION = YES;
				GCC_WARN_UNUSED_VARIABLE = YES;
				IPHONEOS_DEPLOYMENT_TARGET = 9.3;
				MTL_ENABLE_DEBUG_INFO = YES;
				ONLY_ACTIVE_ARCH = YES;
				SDKROOT = iphoneos;
				SWIFT_OPTIMIZATION_LEVEL = "-Onone";
			};
			name = Debug;
		};
		B28249CB1D60100900A410D5 /* Release */ = {
			isa = XCBuildConfiguration;
			buildSettings = {
				ALWAYS_SEARCH_USER_PATHS = NO;
				CLANG_ANALYZER_NONNULL = YES;
				CLANG_CXX_LANGUAGE_STANDARD = "gnu++0x";
				CLANG_CXX_LIBRARY = "libc++";
				CLANG_ENABLE_MODULES = YES;
				CLANG_ENABLE_OBJC_ARC = YES;
				CLANG_WARN_BOOL_CONVERSION = YES;
				CLANG_WARN_CONSTANT_CONVERSION = YES;
				CLANG_WARN_DIRECT_OBJC_ISA_USAGE = YES_ERROR;
				CLANG_WARN_EMPTY_BODY = YES;
				CLANG_WARN_ENUM_CONVERSION = YES;
				CLANG_WARN_INT_CONVERSION = YES;
				CLANG_WARN_OBJC_ROOT_CLASS = YES_ERROR;
				CLANG_WARN_UNREACHABLE_CODE = YES;
				CLANG_WARN__DUPLICATE_METHOD_MATCH = YES;
				"CODE_SIGN_IDENTITY[sdk=iphoneos*]" = "iPhone Developer";
				COPY_PHASE_STRIP = NO;
				DEBUG_INFORMATION_FORMAT = "dwarf-with-dsym";
				ENABLE_NS_ASSERTIONS = NO;
				ENABLE_STRICT_OBJC_MSGSEND = YES;
				GCC_C_LANGUAGE_STANDARD = gnu99;
				GCC_NO_COMMON_BLOCKS = YES;
				GCC_WARN_64_TO_32_BIT_CONVERSION = YES;
				GCC_WARN_ABOUT_RETURN_TYPE = YES_ERROR;
				GCC_WARN_UNDECLARED_SELECTOR = YES;
				GCC_WARN_UNINITIALIZED_AUTOS = YES_AGGRESSIVE;
				GCC_WARN_UNUSED_FUNCTION = YES;
				GCC_WARN_UNUSED_VARIABLE = YES;
				IPHONEOS_DEPLOYMENT_TARGET = 9.3;
				MTL_ENABLE_DEBUG_INFO = NO;
				SDKROOT = iphoneos;
				VALIDATE_PRODUCT = YES;
			};
			name = Release;
		};
		B28249CD1D60100900A410D5 /* Debug */ = {
			isa = XCBuildConfiguration;
			buildSettings = {
				ASSETCATALOG_COMPILER_APPICON_NAME = AppIcon;
				INFOPLIST_FILE = ZingMp3animate/Info.plist;
				LD_RUNPATH_SEARCH_PATHS = "$(inherited) @executable_path/Frameworks";
				PRODUCT_BUNDLE_IDENTIFIER = hung.ZingMp3animate;
				PRODUCT_NAME = "$(TARGET_NAME)";
			};
			name = Debug;
		};
		B28249CE1D60100900A410D5 /* Release */ = {
			isa = XCBuildConfiguration;
			buildSettings = {
				ASSETCATALOG_COMPILER_APPICON_NAME = AppIcon;
				INFOPLIST_FILE = ZingMp3animate/Info.plist;
				LD_RUNPATH_SEARCH_PATHS = "$(inherited) @executable_path/Frameworks";
				PRODUCT_BUNDLE_IDENTIFIER = hung.ZingMp3animate;
				PRODUCT_NAME = "$(TARGET_NAME)";
			};
			name = Release;
		};
/* End XCBuildConfiguration section */

/* Begin XCConfigurationList section */
		B28249B51D60100800A410D5 /* Build configuration list for PBXProject "ZingMp3animate" */ = {
			isa = XCConfigurationList;
			buildConfigurations = (
				B28249CA1D60100900A410D5 /* Debug */,
				B28249CB1D60100900A410D5 /* Release */,
			);
			defaultConfigurationIsVisible = 0;
			defaultConfigurationName = Release;
		};
		B28249CC1D60100900A410D5 /* Build configuration list for PBXNativeTarget "ZingMp3animate" */ = {
			isa = XCConfigurationList;
			buildConfigurations = (
				B28249CD1D60100900A410D5 /* Debug */,
				B28249CE1D60100900A410D5 /* Release */,
			);
			defaultConfigurationIsVisible = 0;
		};
/* End XCConfigurationList section */
	};
	rootObject = B28249B21D60100800A410D5 /* Project object */;
}
